{
  "nodes": {
    "nixpkgs": {
      "locked": {
        "lastModified": 1781454065,
        "narHash": "sha256-d2xfDjnfRuf/xYGdu9VVRHiav/2w5hDL/5cw2TuVAXw=",
        "owner": "NixOS",
        "repo": "nixpkgs",
        "rev": "9eac87a12312b8f60dd52e1c6e1a265f6fc7f5fc",
        "type": "github"
      },
      "original": {
        "owner": "NixOS",
        "repo": "nixpkgs",
        "rev": "9eac87a12312b8f60dd52e1c6e1a265f6fc7f5fc",
        "type": "github"
      }
    },
    "nixpkgs-claude": {
      "locked": {
        "lastModified": 1782545840,
        "narHash": "sha256-PkBPmP5ofNtunCU7/tfn6wi9OLlzFGcHAqqmY+/mwUI=",
        "owner": "NixOS",
        "repo": "nixpkgs",
        "rev": "3d46470bb3030020f7e1361f33514854f5bfa86d",
        "type": "github"
      },
      "original": {
        "owner": "NixOS",
        "repo": "nixpkgs",
        "rev": "3d46470bb3030020f7e1361f33514854f5bfa86d",
        "type": "github"
      }
    },
    "root": {
      "inputs": {
        "nixpkgs": "nixpkgs",
        "nixpkgs-claude": "nixpkgs-claude"
      }
    }
  },
  "root": "root",
  "version": 7
}
